
Microsoft Visual Studio Solution File, Format Version 12.00
# Visual Studio Version 16
VisualStudioVersion = 16.0.32002.261
MinimumVisualStudioVersion = 10.0.40219.1
Project("{FAE04EC0-301F-11D3-BF4B-00C04F79EFBC}") = "Client", "Client.csproj", "{B128F4CF-AC51-4974-9FD1-F03C58665646}"
EndProject
Global
	GlobalSection(SolutionConfigurationPlatforms) = preSolution
		Debug|Any CPU = Debug|Any CPU
		Release|Any CPU = Release|Any CPU
	EndGlobalSection
	GlobalSection(ProjectConfigurationPlatforms) = postSolution
		{B128F4CF-AC51-4974-9FD1-F03C58665646}.Debug|Any CPU.ActiveCfg = Debug|Any CPU
		{B128F4CF-AC51-4974-9FD1-F03C58665646}.Debug|Any CPU.Build.0 = Debug|Any CPU
		{B128F4CF-AC51-4974-9FD1-F03C58665646}.Release|Any CPU.ActiveCfg = Release|Any CPU
		{B128F4CF-AC51-4974-9FD1-F03C58665646}.Release|Any CPU.Build.0 = Release|Any CPU
	EndGlobalSection
	GlobalSection(SolutionProperties) = preSolution
		HideSolutionNode = FALSE
	EndGlobalSection
	GlobalSection(ExtensibilityGlobals) = postSolution
		SolutionGuid = {32600BFC-32F2-4864-A24D-1C5BD29E24B7}
	EndGlobalSection
EndGlobal
